
Microsoft Visual Studio Solution File, Format Version 12.00
# Visual Studio Version 16
VisualStudioVersion = 16.0.30611.23
MinimumVisualStudioVersion = 10.0.40219.1
Project("{FAE04EC0-301F-11D3-BF4B-00C04F79EFBC}") = "SocialNetwork", "SocialNetwork\SocialNetwork.csproj", "{F7207DF1-197C-4EBB-8929-9755FF5580C1}"
EndProject
Global
	GlobalSection(SolutionConfigurationPlatforms) = preSolution
		Debug|Any CPU = Debug|Any CPU
		Release|Any CPU = Release|Any CPU
	EndGlobalSection
	GlobalSection(ProjectConfigurationPlatforms) = postSolution
		{F7207DF1-197C-4EBB-8929-9755FF5580C1}.Debug|Any CPU.ActiveCfg = Debug|Any CPU
		{F7207DF1-197C-4EBB-8929-9755FF5580C1}.Debug|Any CPU.Build.0 = Debug|Any CPU
		{F7207DF1-197C-4EBB-8929-9755FF5580C1}.Release|Any CPU.ActiveCfg = Release|Any CPU
		{F7207DF1-197C-4EBB-8929-9755FF5580C1}.Release|Any CPU.Build.0 = Release|Any CPU
	EndGlobalSection
	GlobalSection(SolutionProperties) = preSolution
		HideSolutionNode = FALSE
	EndGlobalSection
	GlobalSection(ExtensibilityGlobals) = postSolution
		SolutionGuid = {B1DF94A3-952D-4C25-A4DA-16AA1542CBFC}
	EndGlobalSection
EndGlobal
